
Microsoft Visual Studio Solution File, Format Version 12.00
# Visual Studio 15
VisualStudioVersion = 15.0.27130.2010
MinimumVisualStudioVersion = 10.0.40219.1
Project("{FAE04EC0-301F-11D3-BF4B-00C04F79EFBC}") = "LWJ.Data.Binding", "LWJ.Data.Binding\LWJ.Data.Binding.csproj", "{B9007D96-5E31-4899-B932-81631CCF40B1}"
EndProject
Project("{FAE04EC0-301F-11D3-BF4B-00C04F79EFBC}") = "LWJ.Data.Binding.Unity", "LWJ.Data.Binding.Unity\LWJ.Data.Binding.Unity.csproj", "{4787A92C-D792-4529-8916-0341595C3EC2}"
EndProject
Project("{2150E333-8FDC-42A3-9474-1A3956D46DE8}") = "src", "src", "{EEA2FF83-4C0A-40C2-A579-5FA0BC5B2CDB}"
EndProject
Project("{FAE04EC0-301F-11D3-BF4B-00C04F79EFBC}") = "LWJ.Data.Binding.UnityEditor", "LWJ.Data.Binding.UnityEditor\LWJ.Data.Binding.UnityEditor.csproj", "{FDFAA166-DB4F-433F-AE88-B76FEBC1CDB2}"
EndProject
Project("{2150E333-8FDC-42A3-9474-1A3956D46DE8}") = "test", "test", "{BE234F19-748A-4248-8469-94FF0904AA2F}"
EndProject
Project("{FAE04EC0-301F-11D3-BF4B-00C04F79EFBC}") = "LWJ.Data.Binding.Test", "..\test\LWJ.Data.Binding.Test\LWJ.Data.Binding.Test.csproj", "{DCA3F8D2-F49D-4C5A-9745-C377B95B8EF3}"
EndProject
Global
	GlobalSection(SolutionConfigurationPlatforms) = preSolution
		Debug|Any CPU = Debug|Any CPU
		Release|Any CPU = Release|Any CPU
	EndGlobalSection
	GlobalSection(ProjectConfigurationPlatforms) = postSolution
		{B9007D96-5E31-4899-B932-81631CCF40B1}.Debug|Any CPU.ActiveCfg = Debug|Any CPU
		{B9007D96-5E31-4899-B932-81631CCF40B1}.Debug|Any CPU.Build.0 = Debug|Any CPU
		{B9007D96-5E31-4899-B932-81631CCF40B1}.Release|Any CPU.ActiveCfg = Release|Any CPU
		{B9007D96-5E31-4899-B932-81631CCF40B1}.Release|Any CPU.Build.0 = Release|Any CPU
		{4787A92C-D792-4529-8916-0341595C3EC2}.Debug|Any CPU.ActiveCfg = Debug|Any CPU
		{4787A92C-D792-4529-8916-0341595C3EC2}.Debug|Any CPU.Build.0 = Debug|Any CPU
		{4787A92C-D792-4529-8916-0341595C3EC2}.Release|Any CPU.ActiveCfg = Release|Any CPU
		{4787A92C-D792-4529-8916-0341595C3EC2}.Release|Any CPU.Build.0 = Release|Any CPU
		{FDFAA166-DB4F-433F-AE88-B76FEBC1CDB2}.Debug|Any CPU.ActiveCfg = Debug|Any CPU
		{FDFAA166-DB4F-433F-AE88-B76FEBC1CDB2}.Debug|Any CPU.Build.0 = Debug|Any CPU
		{FDFAA166-DB4F-433F-AE88-B76FEBC1CDB2}.Release|Any CPU.ActiveCfg = Release|Any CPU
		{FDFAA166-DB4F-433F-AE88-B76FEBC1CDB2}.Release|Any CPU.Build.0 = Release|Any CPU
		{DCA3F8D2-F49D-4C5A-9745-C377B95B8EF3}.Debug|Any CPU.ActiveCfg = Debug|Any CPU
		{DCA3F8D2-F49D-4C5A-9745-C377B95B8EF3}.Debug|Any CPU.Build.0 = Debug|Any CPU
		{DCA3F8D2-F49D-4C5A-9745-C377B95B8EF3}.Release|Any CPU.ActiveCfg = Release|Any CPU
		{DCA3F8D2-F49D-4C5A-9745-C377B95B8EF3}.Release|Any CPU.Build.0 = Release|Any CPU
	EndGlobalSection
	GlobalSection(SolutionProperties) = preSolution
		HideSolutionNode = FALSE
	EndGlobalSection
	GlobalSection(NestedProjects) = preSolution
		{B9007D96-5E31-4899-B932-81631CCF40B1} = {EEA2FF83-4C0A-40C2-A579-5FA0BC5B2CDB}
		{4787A92C-D792-4529-8916-0341595C3EC2} = {EEA2FF83-4C0A-40C2-A579-5FA0BC5B2CDB}
		{FDFAA166-DB4F-433F-AE88-B76FEBC1CDB2} = {EEA2FF83-4C0A-40C2-A579-5FA0BC5B2CDB}
		{DCA3F8D2-F49D-4C5A-9745-C377B95B8EF3} = {BE234F19-748A-4248-8469-94FF0904AA2F}
	EndGlobalSection
	GlobalSection(ExtensibilityGlobals) = postSolution
		SolutionGuid = {C41C5E93-3260-4409-AFAE-56E918633F70}
	EndGlobalSection
EndGlobal
